
Microsoft Visual Studio Solution File, Format Version 12.00
Project("{FAE04EC0-301F-11D3-BF4B-00C04F79EFBC}") = "API", "API.csproj", "{27FF6A22-7A85-4AAA-85C9-8F8273BAD328}"
EndProject
Global
	GlobalSection(SolutionConfigurationPlatforms) = preSolution
		Debug|Any CPU = Debug|Any CPU
		Release|Any CPU = Release|Any CPU
	EndGlobalSection
	GlobalSection(ProjectConfigurationPlatforms) = postSolution
		{27FF6A22-7A85-4AAA-85C9-8F8273BAD328}.Debug|Any CPU.ActiveCfg = Debug|Any CPU
		{27FF6A22-7A85-4AAA-85C9-8F8273BAD328}.Debug|Any CPU.Build.0 = Debug|Any CPU
		{27FF6A22-7A85-4AAA-85C9-8F8273BAD328}.Release|Any CPU.ActiveCfg = Release|Any CPU
		{27FF6A22-7A85-4AAA-85C9-8F8273BAD328}.Release|Any CPU.Build.0 = Release|Any CPU
	EndGlobalSection
EndGlobal
